{
  "name": "new-site-backup-20260407-233343",
  "lockfileVersion": 3,
  "requires": true,
  "packages": {
    "": {
      "dependencies": {
        "@graphql-mesh/soap": "^0.107.41"
      },
      "devDependencies": {
        "@shopify/prettier-plugin-liquid": "^1.10.0",
        "prettier": "^3.8.0"
      }
    },
    "node_modules/@envelop/core": {
      "version": "5.5.1",
      "resolved": "https://registry.npmjs.org/@envelop/core/-/core-5.5.1.tgz",
      "integrity": "sha512-3DQg8sFskDo386TkL5j12jyRAdip/8yzK3x7YGbZBgobZ4aKXrvDU0GppU0SnmrpQnNaiTUsxBs9LKkwQ/eyvw==",
      "license": "MIT",
      "dependencies": {
        "@envelop/instrumentation": "^1.0.0",
        "@envelop/types": "^5.2.1",
        "@whatwg-node/promise-helpers": "^1.2.4",
        "tslib": "^2.5.0"
      },
      "engines": {
        "node": ">=18.0.0"
      }
    },
    "node_modules/@envelop/instrumentation": {
      "version": "1.0.0",
      "resolved": "https://registry.npmjs.org/@envelop/instrumentation/-/instrumentation-1.0.0.tgz",
      "integrity": "sha512-cxgkB66RQB95H3X27jlnxCRNTmPuSTgmBAq6/4n2Dtv4hsk4yz8FadA1ggmd0uZzvKqWD6CR+WFgTjhDqg7eyw==",
      "license": "MIT",
      "dependencies": {
        "@whatwg-node/promise-helpers": "^1.2.1",
        "tslib": "^2.5.0"
      },
      "engines": {
        "node": ">=18.0.0"
      }
    },
    "node_modules/@envelop/types": {
      "version": "5.2.1",
      "resolved": "https://registry.npmjs.org/@envelop/types/-/types-5.2.1.tgz",
      "integrity": "sha512-CsFmA3u3c2QoLDTfEpGr4t25fjMU31nyvse7IzWTvb0ZycuPjMjb0fjlheh+PbhBYb9YLugnT2uY6Mwcg1o+Zg==",
      "license": "MIT",
      "dependencies": {
        "@whatwg-node/promise-helpers": "^1.0.0",
        "tslib": "^2.5.0"
      },
      "engines": {
        "node": ">=18.0.0"
      }
    },
    "node_modules/@fastify/busboy": {
      "version": "3.2.0",
      "resolved": "https://registry.npmjs.org/@fastify/busboy/-/busboy-3.2.0.tgz",
      "integrity": "sha512-m9FVDXU3GT2ITSe0UaMA5rU3QkfC/UXtCU8y0gSN/GugTqtVldOBWIB5V6V3sbmenVZUIpU6f+mPEO2+m5iTaA==",
      "license": "MIT"
    },
    "node_modules/@graphql-hive/logger": {
      "version": "1.1.0",
      "resolved": "https://registry.npmjs.org/@graphql-hive/logger/-/logger-1.1.0.tgz",
      "integrity": "sha512-6Cjed+xunX50iVewzOoeddzea522oTBDG5fue5Df6PypvEiw/38yW1IxPFaE1nVdiVuDHm4WmV9/GAgWk9klMw==",
      "license": "MIT",
      "engines": {
        "node": ">=20.0.0"
      },
      "peerDependencies": {
        "@logtape/logtape": "^1.2.0 || ^2.0.0",
        "pino": "^9.13.0 || ^10.0.0"
      },
      "peerDependenciesMeta": {
        "@logtape/logtape": {
          "optional": true
        },
        "pino": {
          "optional": true
        },
        "winston": {
          "optional": true
        }
      }
    },
    "node_modules/@graphql-hive/pubsub": {
      "version": "2.1.1",
      "resolved": "https://registry.npmjs.org/@graphql-hive/pubsub/-/pubsub-2.1.1.tgz",
      "integrity": "sha512-00Hqz3eA/EZZgwU38bAjFA5FUzD5GRfJqMux/gzrExLemJOJjX6CoFFhZQ3a0JDAJZUryIKvMA9PQNtMKrLUGw==",
      "license": "MIT",
      "dependencies": {
        "@repeaterjs/repeater": "^3.0.6",
        "@whatwg-node/disposablestack": "^0.0.6",
        "@whatwg-node/promise-helpers": "^1.3.2"
      },
      "engines": {
        "node": ">=20.0.0"
      },
      "peerDependencies": {
        "@nats-io/nats-core": "^3",
        "ioredis": "^5"
      },
      "peerDependenciesMeta": {
        "@nats-io/nats-core": {
          "optional": true
        },
        "ioredis": {
          "optional": true
        }
      }
    },
    "node_modules/@graphql-hive/signal": {
      "version": "2.0.0",
      "resolved": "https://registry.npmjs.org/@graphql-hive/signal/-/signal-2.0.0.tgz",
      "integrity": "sha512-Pz8wB3K0iU6ae9S1fWfsmJX24CcGeTo6hE7T44ucmV/ALKRj+bxClmqrYcDT7v3f0d12Rh4FAXBb6gon+WkDpQ==",
      "license": "MIT",
      "engines": {
        "node": ">=20.0.0"
      }
    },
    "node_modules/@graphql-inspector/core": {
      "version": "7.1.2",
      "resolved": "https://registry.npmjs.org/@graphql-inspector/core/-/core-7.1.2.tgz",
      "integrity": "sha512-yYuWN3/2lQsICwy0PL24hPYeNvDP62Z/t7CfQHcB9V4DJhDtNpoyUYBOwBB1YSwNs4nE9ZQhuv2VeBUZigKVQQ==",
      "license": "MIT",
      "dependencies": {
        "dependency-graph": "1.0.0",
        "object-inspect": "1.13.2",
        "tslib": "2.6.2"
      },
      "engines": {
        "node": ">=18.0.0"
      },
      "peerDependencies": {
        "graphql": "^14.0.0 || ^15.0.0 || ^16.0.0"
      }
    },
    "node_modules/@graphql-inspector/core/node_modules/tslib": {
      "version": "2.6.2",
      "resolved": "https://registry.npmjs.org/tslib/-/tslib-2.6.2.tgz",
      "integrity": "sha512-AEYxH93jGFPn/a2iVAwW87VuUIkR1FVUKB77NwMF7nBTDkDrrT/Hpt/IrCJ0QXhW27jTBDcf5ZY7w6RiqTMw2Q==",
      "license": "0BSD"
    },
    "node_modules/@graphql-mesh/cross-helpers": {
      "version": "0.4.12",
      "resolved": "https://registry.npmjs.org/@graphql-mesh/cross-helpers/-/cross-helpers-0.4.12.tgz",
      "integrity": "sha512-HENVP4rNVNakOOuBXUjkddyvywtt2myAIL3+TGP+5fb0P9TePocFUjHmV3wf7ItVwDuTqPLu7XguzZCiOUIR1A==",
      "license": "MIT",
      "dependencies": {
        "@graphql-tools/utils": "^11.0.0",
        "path-browserify": "1.0.1"
      },
      "engines": {
        "node": ">=16.0.0"
      },
      "peerDependencies": {
        "graphql": "*"
      }
    },
    "node_modules/@graphql-mesh/soap": {
      "version": "0.107.41",
      "resolved": "https://registry.npmjs.org/@graphql-mesh/soap/-/soap-0.107.41.tgz",
      "integrity": "sha512-k0Mpzbxrfc5qr1jV5b+21RKhQPd60zXxFahUf7e4Z9SjH3lSbCNLKMaP/8AmxNz/6xnSqsj1ZfAU72E8GSo/hg==",
      "license": "MIT",
      "dependencies": {
        "@graphql-mesh/cross-helpers": "^0.4.12",
        "@graphql-mesh/store": "^0.104.36",
        "@graphql-mesh/string-interpolation": "^0.5.16",
        "@graphql-mesh/types": "^0.104.26",
        "@graphql-mesh/utils": "^0.104.34",
        "@graphql-tools/utils": "^11.0.0",
        "@omnigraph/soap": "^0.107.40",
        "tslib": "^2.4.0"
      },
      "engines": {
        "node": ">=16.0.0"
      },
      "peerDependencies": {
        "graphql": "*"
      }
    },
    "node_modules/@graphql-mesh/store": {
      "version": "0.104.36",
      "resolved": "https://registry.npmjs.org/@graphql-mesh/store/-/store-0.104.36.tgz",
      "integrity": "sha512-VI7bf3nSKjYde3mCmiB1ZAxwyLXfFboELtLZAvFaMDnyrSGKxhgXR6mgLLQEycjxLnwCmL6Tb9RjLsCghSA6lw==",
      "license": "MIT",
      "dependencies": {
        "@graphql-inspector/core": "^7.1.2",
        "@graphql-mesh/cross-helpers": "^0.4.12",
        "@graphql-mesh/types": "^0.104.26",
        "@graphql-mesh/utils": "^0.104.34",
        "@graphql-tools/utils": "^11.0.0",
        "tslib": "^2.4.0"
      },
      "engines": {
        "node": ">=16.0.0"
      },
      "peerDependencies": {
        "graphql": "*"
      }
    },
    "node_modules/@graphql-mesh/string-interpolation": {
      "version": "0.5.16",
      "resolved": "https://registry.npmjs.org/@graphql-mesh/string-interpolation/-/string-interpolation-0.5.16.tgz",
      "integrity": "sha512-rCsskX9puuFYxsYrGcp4diFh0LvIEEe+hSTj3eNzgnkTM3fYyrJt89QPZdc49STAtV31UBIWysmG9ibQsNwKPQ==",
      "license": "MIT",
      "dependencies": {
        "dayjs": "^1.11.20",
        "json-pointer": "^0.6.2",
        "lodash.get": "^4.4.2",
        "tslib": "^2.4.0"
      },
      "engines": {
        "node": ">=16.0.0"
      },
      "peerDependencies": {
        "graphql": "*"
      }
    },
    "node_modules/@graphql-mesh/transport-common": {
      "version": "1.0.15",
      "resolved": "https://registry.npmjs.org/@graphql-mesh/transport-common/-/transport-common-1.0.15.tgz",
      "integrity": "sha512-46V4Ri1YUPphqkMvpo/HO4V8VvvpIhqXGBGWIhHW8S9hMoY8Uh57nT2YWBtWi4YnuqabnsMrApVthZzLpfsSeQ==",
      "license": "MIT",
      "dependencies": {
        "@envelop/core": "^5.4.0",
        "@graphql-hive/logger": "^1.1.0",
        "@graphql-hive/pubsub": "^2.1.1",
        "@graphql-hive/signal": "^2.0.0",
        "@graphql-mesh/types": "^0.104.16",
        "@graphql-tools/executor": "^1.4.13",
        "@graphql-tools/executor-common": "^1.0.6",
        "@graphql-tools/utils": "^11.0.0",
        "tslib": "^2.8.1"
      },
      "engines": {
        "node": ">=20.0.0"
      },
      "peerDependencies": {
        "graphql": "^15.9.0 || ^16.9.0"
      }
    },
    "node_modules/@graphql-mesh/transport-soap": {
      "version": "0.10.40",
      "resolved": "https://registry.npmjs.org/@graphql-mesh/transport-soap/-/transport-soap-0.10.40.tgz",
      "integrity": "sha512-IeXX9u45I6Cr1+s1TNiTO9q3oZGQ06gkOLp1n+1jKNfL9mgH24SaAbGvcqIlmuWGQw46T0xTMoP+d6QgI60SyQ==",
      "license": "MIT",
      "dependencies": {
        "@graphql-mesh/cross-helpers": "^0.4.12",
        "@graphql-mesh/string-interpolation": "^0.5.16",
        "@graphql-mesh/transport-common": "^1.0.15",
        "@graphql-mesh/types": "^0.104.26",
        "@graphql-mesh/utils": "^0.104.34",
        "@graphql-tools/executor": "^1.5.1",
        "@graphql-tools/utils": "^11.0.0",
        "@whatwg-node/fetch": "^0.10.6",
        "fast-xml-parser": "^5.5.10",
        "tslib": "^2.4.0"
      },
      "engines": {
        "node": ">=16.0.0"
      },
      "peerDependencies": {
        "graphql": "*"
      }
    },
    "node_modules/@graphql-mesh/types": {
      "version": "0.104.26",
      "resolved": "https://registry.npmjs.org/@graphql-mesh/types/-/types-0.104.26.tgz",
      "integrity": "sha512-I/L/8qp5g5LvnS4L4HpfG2e6+rDjG7eW/QceqGSTtGeygGImxndUOhjrQNytBL5u4eDuQq/I1qYycbBaVPTAmA==",
      "license": "MIT",
      "dependencies": {
        "@graphql-hive/pubsub": "^2.1.1",
        "@graphql-tools/batch-delegate": "^10.0.19",
        "@graphql-tools/delegate": "^12.0.13",
        "@graphql-tools/utils": "^11.0.0",
        "@graphql-typed-document-node/core": "^3.2.0",
        "@repeaterjs/repeater": "^3.0.6",
        "@whatwg-node/disposablestack": "^0.0.6",
        "tslib": "^2.4.0"
      },
      "engines": {
        "node": ">=16.0.0"
      },
      "peerDependencies": {
        "graphql": "*"
      }
    },
    "node_modules/@graphql-mesh/utils": {
      "version": "0.104.34",
      "resolved": "https://registry.npmjs.org/@graphql-mesh/utils/-/utils-0.104.34.tgz",
      "integrity": "sha512-M0NzP/2SHo5hi0lFG/F4KwSY6Dqd7nVWxsZiBa5zQOaxLu2IvDOs9HW4+9fHzZaraoIaX2fPdd5MWUBBkWKSVA==",
      "license": "MIT",
      "dependencies": {
        "@envelop/instrumentation": "^1.0.0",
        "@graphql-mesh/cross-helpers": "^0.4.12",
        "@graphql-mesh/string-interpolation": "^0.5.16",
        "@graphql-mesh/types": "^0.104.26",
        "@graphql-tools/batch-delegate": "^10.0.19",
        "@graphql-tools/delegate": "^12.0.13",
        "@graphql-tools/utils": "^11.0.0",
        "@graphql-tools/wrap": "^11.1.13",
        "@whatwg-node/disposablestack": "^0.0.6",
        "@whatwg-node/fetch": "^0.10.6",
        "@whatwg-node/promise-helpers": "^1.2.0",
        "dset": "^3.1.2",
        "js-yaml": "^4.1.0",
        "lodash.get": "^4.4.2",
        "lodash.topath": "^4.5.2",
        "tiny-lru": "^13.0.0",
        "tslib": "^2.4.0"
      },
      "engines": {
        "node": ">=16.0.0"
      },
      "peerDependencies": {
        "graphql": "*"
      }
    },
    "node_modules/@graphql-tools/batch-delegate": {
      "version": "10.0.19",
      "resolved": "https://registry.npmjs.org/@graphql-tools/batch-delegate/-/batch-delegate-10.0.19.tgz",
      "integrity": "sha512-olRpYiJWlVL+CRYjpYFSjKY1lGfXN3PVodjT7iLUmMgvjJIXwuWoGI59/gJBgiIn4wdd89Hej7hTySYBAogGgQ==",
      "license": "MIT",
      "dependencies": {
        "@graphql-tools/delegate": "^12.0.13",
        "@graphql-tools/utils": "^11.0.0",
        "@whatwg-node/promise-helpers": "^1.3.2",
        "dataloader": "^2.2.3",
        "tslib": "^2.8.1"
      },
      "engines": {
        "node": ">=20.0.0"
      },
      "peerDependencies": {
        "graphql": "^14.0.0 || ^15.0.0 || ^16.0.0 || ^17.0.0"
      }
    },
    "node_modules/@graphql-tools/batch-execute": {
      "version": "10.0.8",
      "resolved": "https://registry.npmjs.org/@graphql-tools/batch-execute/-/batch-execute-10.0.8.tgz",
      "integrity": "sha512-Kobt37qrVTFhX4HUK5/vPgMXFw/5f97AzmAlfmDBSRh/GnoAmLKCb48FrEI3gdeIwZB2fEhVHJyDqsojldnLQA==",
      "license": "MIT",
      "dependencies": {
        "@graphql-tools/utils": "^11.0.0",
        "@whatwg-node/promise-helpers": "^1.3.2",
        "dataloader": "^2.2.3",
        "tslib": "^2.8.1"
      },
      "engines": {
        "node": ">=20.0.0"
      },
      "peerDependencies": {
        "graphql": "^14.0.0 || ^15.0.0 || ^16.0.0 || ^17.0.0"
      }
    },
    "node_modules/@graphql-tools/delegate": {
      "version": "12.0.13",
      "resolved": "https://registry.npmjs.org/@graphql-tools/delegate/-/delegate-12.0.13.tgz",
      "integrity": "sha512-Aei3SI5HezLt7kKQNbX/GrZv5c5YibdbP0N6BvuEWQYG+lpRO3RRX2fZ+g+KshJOGuTJQFK1umIjki++vKoJ+A==",
      "license": "MIT",
      "dependencies": {
        "@graphql-tools/batch-execute": "^10.0.8",
        "@graphql-tools/executor": "^1.4.13",
        "@graphql-tools/schema": "^10.0.29",
        "@graphql-tools/utils": "^11.0.0",
        "@repeaterjs/repeater": "^3.0.6",
        "@whatwg-node/promise-helpers": "^1.3.2",
        "dataloader": "^2.2.3",
        "tslib": "^2.8.1"
      },
      "engines": {
        "node": ">=20.0.0"
      },
      "peerDependencies": {
        "graphql": "^14.0.0 || ^15.0.0 || ^16.0.0 || ^17.0.0"
      }
    },
    "node_modules/@graphql-tools/executor": {
      "version": "1.5.1",
      "resolved": "https://registry.npmjs.org/@graphql-tools/executor/-/executor-1.5.1.tgz",
      "integrity": "sha512-n94Qcu875Mji9GQ52n5UbgOTxlgvFJicBPYD+FRks9HKIQpdNPjkkrKZUYNG51XKa+bf03rxNflm4+wXhoHHrA==",
      "license": "MIT",
      "dependencies": {
        "@graphql-tools/utils": "^11.0.0",
        "@graphql-typed-document-node/core": "^3.2.0",
        "@repeaterjs/repeater": "^3.0.4",
        "@whatwg-node/disposablestack": "^0.0.6",
        "@whatwg-node/promise-helpers": "^1.0.0",
        "tslib": "^2.4.0"
      },
      "engines": {
        "node": ">=16.0.0"
      },
      "peerDependencies": {
        "graphql": "^14.0.0 || ^15.0.0 || ^16.0.0 || ^17.0.0"
      }
    },
    "node_modules/@graphql-tools/executor-common": {
      "version": "1.0.6",
      "resolved": "https://registry.npmjs.org/@graphql-tools/executor-common/-/executor-common-1.0.6.tgz",
      "integrity": "sha512-23/K5C+LSlHDI0mj2SwCJ33RcELCcyDUgABm1Z8St7u/4Z5+95i925H/NAjUyggRjiaY8vYtNiMOPE49aPX1sg==",
      "license": "MIT",
      "dependencies": {
        "@envelop/core": "^5.4.0",
        "@graphql-tools/utils": "^11.0.0"
      },
      "engines": {
        "node": ">=20.0.0"
      },
      "peerDependencies": {
        "graphql": "^14.0.0 || ^15.0.0 || ^16.0.0 || ^17.0.0"
      }
    },
    "node_modules/@graphql-tools/merge": {
      "version": "9.1.7",
      "resolved": "https://registry.npmjs.org/@graphql-tools/merge/-/merge-9.1.7.tgz",
      "integrity": "sha512-Y5E1vTbTabvcXbkakdFUt4zUIzB1fyaEnVmIWN0l0GMed2gdD01TpZWLUm4RNAxpturvolrb24oGLQrBbPLSoQ==",
      "license": "MIT",
      "dependencies": {
        "@graphql-tools/utils": "^11.0.0",
        "tslib": "^2.4.0"
      },
      "engines": {
        "node": ">=16.0.0"
      },
      "peerDependencies": {
        "graphql": "^14.0.0 || ^15.0.0 || ^16.0.0 || ^17.0.0"
      }
    },
    "node_modules/@graphql-tools/schema": {
      "version": "10.0.31",
      "resolved": "https://registry.npmjs.org/@graphql-tools/schema/-/schema-10.0.31.tgz",
      "integrity": "sha512-ZewRgWhXef6weZ0WiP7/MV47HXiuFbFpiDUVLQl6mgXsWSsGELKFxQsyUCBos60Qqy1JEFAIu3Ns6GGYjGkqkQ==",
      "license": "MIT",
      "dependencies": {
        "@graphql-tools/merge": "^9.1.7",
        "@graphql-tools/utils": "^11.0.0",
        "tslib": "^2.4.0"
      },
      "engines": {
        "node": ">=16.0.0"
      },
      "peerDependencies": {
        "graphql": "^14.0.0 || ^15.0.0 || ^16.0.0 || ^17.0.0"
      }
    },
    "node_modules/@graphql-tools/utils": {
      "version": "11.0.0",
      "resolved": "https://registry.npmjs.org/@graphql-tools/utils/-/utils-11.0.0.tgz",
      "integrity": "sha512-bM1HeZdXA2C3LSIeLOnH/bcqSgbQgKEDrjxODjqi3y58xai2TkNrtYcQSoWzGbt9VMN1dORGjR7Vem8SPnUFQA==",
      "license": "MIT",
      "dependencies": {
        "@graphql-typed-document-node/core": "^3.1.1",
        "@whatwg-node/promise-helpers": "^1.0.0",
        "cross-inspect": "1.0.1",
        "tslib": "^2.4.0"
      },
      "engines": {
        "node": ">=16.0.0"
      },
      "peerDependencies": {
        "graphql": "^14.0.0 || ^15.0.0 || ^16.0.0 || ^17.0.0"
      }
    },
    "node_modules/@graphql-tools/wrap": {
      "version": "11.1.13",
      "resolved": "https://registry.npmjs.org/@graphql-tools/wrap/-/wrap-11.1.13.tgz",
      "integrity": "sha512-oWdhddkcFy9vKjvAZiw7oH/1mrgg0uMpwdeFeFt7S/MlLiySx+Vuk7kjARktjUBl+yAMt9q1/BADnoT+5vH0hw==",
      "license": "MIT",
      "dependencies": {
        "@graphql-tools/delegate": "^12.0.13",
        "@graphql-tools/schema": "^10.0.29",
        "@graphql-tools/utils": "^11.0.0",
        "@whatwg-node/promise-helpers": "^1.3.2",
        "tslib": "^2.8.1"
      },
      "engines": {
        "node": ">=20.0.0"
      },
      "peerDependencies": {
        "graphql": "^14.0.0 || ^15.0.0 || ^16.0.0 || ^17.0.0"
      }
    },
    "node_modules/@graphql-typed-document-node/core": {
      "version": "3.2.0",
      "resolved": "https://registry.npmjs.org/@graphql-typed-document-node/core/-/core-3.2.0.tgz",
      "integrity": "sha512-mB9oAsNCm9aM3/SOv4YtBMqZbYj10R7dkq8byBqxGY/ncFwhf2oQzMV+LCRlWoDSEBJ3COiR1yeDvMtsoOsuFQ==",
      "license": "MIT",
      "peerDependencies": {
        "graphql": "^0.8.0 || ^0.9.0 || ^0.10.0 || ^0.11.0 || ^0.12.0 || ^0.13.0 || ^14.0.0 || ^15.0.0 || ^16.0.0 || ^17.0.0"
      }
    },
    "node_modules/@omnigraph/soap": {
      "version": "0.107.40",
      "resolved": "https://registry.npmjs.org/@omnigraph/soap/-/soap-0.107.40.tgz",
      "integrity": "sha512-D+dfiFawEyDFDIHD5sIW69WmpFAm5eTQUexqYyu/3IBZhRqam49giwpq7ZyBxqm6+2oAJUzPSyDn/rcO1KYlmQ==",
      "license": "MIT",
      "dependencies": {
        "@graphql-mesh/cross-helpers": "^0.4.12",
        "@graphql-mesh/string-interpolation": "^0.5.16",
        "@graphql-mesh/transport-common": "^1.0.15",
        "@graphql-mesh/transport-soap": "^0.10.40",
        "@graphql-mesh/types": "^0.104.26",
        "@graphql-mesh/utils": "^0.104.34",
        "@graphql-tools/utils": "^11.0.0",
        "@whatwg-node/fetch": "^0.10.6",
        "@whatwg-node/promise-helpers": "^1.0.0",
        "fast-xml-parser": "^5.5.10",
        "graphql-compose": "^9.0.11",
        "graphql-scalars": "^1.22.4"
      },
      "engines": {
        "node": ">=16.0.0"
      },
      "peerDependencies": {
        "graphql": "*"
      }
    },
    "node_modules/@repeaterjs/repeater": {
      "version": "3.0.6",
      "resolved": "https://registry.npmjs.org/@repeaterjs/repeater/-/repeater-3.0.6.tgz",
      "integrity": "sha512-Javneu5lsuhwNCryN+pXH93VPQ8g0dBX7wItHFgYiwQmzE1sVdg5tWHiOgHywzL2W21XQopa7IwIEnNbmeUJYA==",
      "license": "MIT"
    },
    "node_modules/@shopify/liquid-html-parser": {
      "version": "2.9.0",
      "resolved": "https://registry.npmjs.org/@shopify/liquid-html-parser/-/liquid-html-parser-2.9.0.tgz",
      "integrity": "sha512-bkI4tLbU47YUxpgbMa9fgeJjFEMvRNEFL644Yk0ZKo5H1IRzU4pPyCQ6PkGvb0JJnt7OZ+RDGvb6ZLCnAR2Z/A==",
      "dev": true,
      "license": "MIT",
      "dependencies": {
        "line-column": "^1.0.2",
        "ohm-js": "^17.0.0"
      }
    },
    "node_modules/@shopify/prettier-plugin-liquid": {
      "version": "1.10.0",
      "resolved": "https://registry.npmjs.org/@shopify/prettier-plugin-liquid/-/prettier-plugin-liquid-1.10.0.tgz",
      "integrity": "sha512-csHYjwuT34o8ja6EY0dUBYQS5UVwsKwRYxGiuG816Ov0B8lVd8FUjOwWUk2SnrNx3cGgL0no7z+Byapp7sC1Uw==",
      "dev": true,
      "license": "MIT",
      "dependencies": {
        "@shopify/liquid-html-parser": "^2.9.0",
        "html-styles": "^1.0.0"
      },
      "peerDependencies": {
        "prettier": "^2.0.0 || ^3.0.0"
      }
    },
    "node_modules/@whatwg-node/disposablestack": {
      "version": "0.0.6",
      "resolved": "https://registry.npmjs.org/@whatwg-node/disposablestack/-/disposablestack-0.0.6.tgz",
      "integrity": "sha512-LOtTn+JgJvX8WfBVJtF08TGrdjuFzGJc4mkP8EdDI8ADbvO7kiexYep1o8dwnt0okb0jYclCDXF13xU7Ge4zSw==",
      "license": "MIT",
      "dependencies": {
        "@whatwg-node/promise-helpers": "^1.0.0",
        "tslib": "^2.6.3"
      },
      "engines": {
        "node": ">=18.0.0"
      }
    },
    "node_modules/@whatwg-node/fetch": {
      "version": "0.10.13",
      "resolved": "https://registry.npmjs.org/@whatwg-node/fetch/-/fetch-0.10.13.tgz",
      "integrity": "sha512-b4PhJ+zYj4357zwk4TTuF2nEe0vVtOrwdsrNo5hL+u1ojXNhh1FgJ6pg1jzDlwlT4oBdzfSwaBwMCtFCsIWg8Q==",
      "license": "MIT",
      "dependencies": {
        "@whatwg-node/node-fetch": "^0.8.3",
        "urlpattern-polyfill": "^10.0.0"
      },
      "engines": {
        "node": ">=18.0.0"
      }
    },
    "node_modules/@whatwg-node/node-fetch": {
      "version": "0.8.5",
      "resolved": "https://registry.npmjs.org/@whatwg-node/node-fetch/-/node-fetch-0.8.5.tgz",
      "integrity": "sha512-4xzCl/zphPqlp9tASLVeUhB5+WJHbuWGYpfoC2q1qh5dw0AqZBW7L27V5roxYWijPxj4sspRAAoOH3d2ztaHUQ==",
      "license": "MIT",
      "dependencies": {
        "@fastify/busboy": "^3.1.1",
        "@whatwg-node/disposablestack": "^0.0.6",
        "@whatwg-node/promise-helpers": "^1.3.2",
        "tslib": "^2.6.3"
      },
      "engines": {
        "node": ">=18.0.0"
      }
    },
    "node_modules/@whatwg-node/promise-helpers": {
      "version": "1.3.2",
      "resolved": "https://registry.npmjs.org/@whatwg-node/promise-helpers/-/promise-helpers-1.3.2.tgz",
      "integrity": "sha512-Nst5JdK47VIl9UcGwtv2Rcgyn5lWtZ0/mhRQ4G8NN2isxpq2TO30iqHzmwoJycjWuyUfg3GFXqP/gFHXeV57IA==",
      "license": "MIT",
      "dependencies": {
        "tslib": "^2.6.3"
      },
      "engines": {
        "node": ">=16.0.0"
      }
    },
    "node_modules/argparse": {
      "version": "2.0.1",
      "resolved": "https://registry.npmjs.org/argparse/-/argparse-2.0.1.tgz",
      "integrity": "sha512-8+9WqebbFzpX9OR+Wa6O29asIogeRMzcGtAINdpMHHyAg10f05aSFVBbcEqGf/PXw1EjAZ+q2/bEBg3DvurK3Q==",
      "license": "Python-2.0"
    },
    "node_modules/cross-inspect": {
      "version": "1.0.1",
      "resolved": "https://registry.npmjs.org/cross-inspect/-/cross-inspect-1.0.1.tgz",
      "integrity": "sha512-Pcw1JTvZLSJH83iiGWt6fRcT+BjZlCDRVwYLbUcHzv/CRpB7r0MlSrGbIyQvVSNyGnbt7G4AXuyCiDR3POvZ1A==",
      "license": "MIT",
      "dependencies": {
        "tslib": "^2.4.0"
      },
      "engines": {
        "node": ">=16.0.0"
      }
    },
    "node_modules/dataloader": {
      "version": "2.2.3",
      "resolved": "https://registry.npmjs.org/dataloader/-/dataloader-2.2.3.tgz",
      "integrity": "sha512-y2krtASINtPFS1rSDjacrFgn1dcUuoREVabwlOGOe4SdxenREqwjwjElAdwvbGM7kgZz9a3KVicWR7vcz8rnzA==",
      "license": "MIT"
    },
    "node_modules/dayjs": {
      "version": "1.11.20",
      "resolved": "https://registry.npmjs.org/dayjs/-/dayjs-1.11.20.tgz",
      "integrity": "sha512-YbwwqR/uYpeoP4pu043q+LTDLFBLApUP6VxRihdfNTqu4ubqMlGDLd6ErXhEgsyvY0K6nCs7nggYumAN+9uEuQ==",
      "license": "MIT"
    },
    "node_modules/dependency-graph": {
      "version": "1.0.0",
      "resolved": "https://registry.npmjs.org/dependency-graph/-/dependency-graph-1.0.0.tgz",
      "integrity": "sha512-cW3gggJ28HZ/LExwxP2B++aiKxhJXMSIt9K48FOXQkm+vuG5gyatXnLsONRJdzO/7VfjDIiaOOa/bs4l464Lwg==",
      "license": "MIT",
      "engines": {
        "node": ">=4"
      }
    },
    "node_modules/dset": {
      "version": "3.1.4",
      "resolved": "https://registry.npmjs.org/dset/-/dset-3.1.4.tgz",
      "integrity": "sha512-2QF/g9/zTaPDc3BjNcVTGoBbXBgYfMTTceLaYcFJ/W9kggFUkhxD/hMEeuLKbugyef9SqAx8cpgwlIP/jinUTA==",
      "license": "MIT",
      "engines": {
        "node": ">=4"
      }
    },
    "node_modules/fast-xml-builder": {
      "version": "1.1.4",
      "resolved": "https://registry.npmjs.org/fast-xml-builder/-/fast-xml-builder-1.1.4.tgz",
      "integrity": "sha512-f2jhpN4Eccy0/Uz9csxh3Nu6q4ErKxf0XIsasomfOihuSUa3/xw6w8dnOtCDgEItQFJG8KyXPzQXzcODDrrbOg==",
      "funding": [
        {
          "type": "github",
          "url": "https://github.com/sponsors/NaturalIntelligence"
        }
      ],
      "license": "MIT",
      "dependencies": {
        "path-expression-matcher": "^1.1.3"
      }
    },
    "node_modules/fast-xml-parser": {
      "version": "5.5.11",
      "resolved": "https://registry.npmjs.org/fast-xml-parser/-/fast-xml-parser-5.5.11.tgz",
      "integrity": "sha512-QL0eb0YbSTVWF6tTf1+LEMSgtCEjBYPpnAjoLC8SscESlAjXEIRJ7cHtLG0pLeDFaZLa4VKZLArtA/60ZS7vyA==",
      "funding": [
        {
          "type": "github",
          "url": "https://github.com/sponsors/NaturalIntelligence"
        }
      ],
      "license": "MIT",
      "dependencies": {
        "fast-xml-builder": "^1.1.4",
        "path-expression-matcher": "^1.4.0",
        "strnum": "^2.2.3"
      },
      "bin": {
        "fxparser": "src/cli/cli.js"
      }
    },
    "node_modules/foreach": {
      "version": "2.0.6",
      "resolved": "https://registry.npmjs.org/foreach/-/foreach-2.0.6.tgz",
      "integrity": "sha512-k6GAGDyqLe9JaebCsFCoudPPWfihKu8pylYXRlqP1J7ms39iPoTtk2fviNglIeQEwdh0bQeKJ01ZPyuyQvKzwg==",
      "license": "MIT"
    },
    "node_modules/graphql": {
      "version": "16.13.2",
      "resolved": "https://registry.npmjs.org/graphql/-/graphql-16.13.2.tgz",
      "integrity": "sha512-5bJ+nf/UCpAjHM8i06fl7eLyVC9iuNAjm9qzkiu2ZGhM0VscSvS6WDPfAwkdkBuoXGM9FJSbKl6wylMwP9Ktig==",
      "license": "MIT",
      "peer": true,
      "engines": {
        "node": "^12.22.0 || ^14.16.0 || ^16.0.0 || >=17.0.0"
      }
    },
    "node_modules/graphql-compose": {
      "version": "9.1.0",
      "resolved": "https://registry.npmjs.org/graphql-compose/-/graphql-compose-9.1.0.tgz",
      "integrity": "sha512-nFL2+oeF8IlKjXPzmFL9rlBhrHlJMKGC0JeuBfOkWLLNqAtlFV+M1YGuuORyx0+mbLsBl9XToKWBPPfCHL8HHA==",
      "license": "MIT",
      "dependencies": {
        "graphql-type-json": "0.3.2"
      },
      "peerDependencies": {
        "graphql": "^14.2.0 || ^15.0.0 || ^16.0.0"
      }
    },
    "node_modules/graphql-scalars": {
      "version": "1.25.0",
      "resolved": "https://registry.npmjs.org/graphql-scalars/-/graphql-scalars-1.25.0.tgz",
      "integrity": "sha512-b0xyXZeRFkne4Eq7NAnL400gStGqG/Sx9VqX0A05nHyEbv57UJnWKsjNnrpVqv5e/8N1MUxkt0wwcRXbiyKcFg==",
      "license": "MIT",
      "dependencies": {
        "tslib": "^2.5.0"
      },
      "engines": {
        "node": ">=10"
      },
      "peerDependencies": {
        "graphql": "^0.8.0 || ^0.9.0 || ^0.10.0 || ^0.11.0 || ^0.12.0 || ^0.13.0 || ^14.0.0 || ^15.0.0 || ^16.0.0"
      }
    },
    "node_modules/graphql-type-json": {
      "version": "0.3.2",
      "resolved": "https://registry.npmjs.org/graphql-type-json/-/graphql-type-json-0.3.2.tgz",
      "integrity": "sha512-J+vjof74oMlCWXSvt0DOf2APEdZOCdubEvGDUAlqH//VBYcOYsGgRW7Xzorr44LvkjiuvecWc8fChxuZZbChtg==",
      "license": "MIT",
      "peerDependencies": {
        "graphql": ">=0.8.0"
      }
    },
    "node_modules/html-styles": {
      "version": "1.0.0",
      "resolved": "https://registry.npmjs.org/html-styles/-/html-styles-1.0.0.tgz",
      "integrity": "sha512-cDl5dcj73oI4Hy0DSUNh54CAwslNLJRCCoO+RNkVo+sBrjA/0+7E/xzvj3zH/GxbbBLGJhE0hBe1eg+0FINC6w==",
      "dev": true,
      "license": "MIT"
    },
    "node_modules/isarray": {
      "version": "1.0.0",
      "resolved": "https://registry.npmjs.org/isarray/-/isarray-1.0.0.tgz",
      "integrity": "sha512-VLghIWNM6ELQzo7zwmcg0NmTVyWKYjvIeM83yjp0wRDTmUnrM678fQbcKBo6n2CJEF0szoG//ytg+TKla89ALQ==",
      "dev": true,
      "license": "MIT"
    },
    "node_modules/isobject": {
      "version": "2.1.0",
      "resolved": "https://registry.npmjs.org/isobject/-/isobject-2.1.0.tgz",
      "integrity": "sha512-+OUdGJlgjOBZDfxnDjYYG6zp487z0JGNQq3cYQYg5f5hKR+syHMsaztzGeml/4kGG55CSpKSpWTY+jYGgsHLgA==",
      "dev": true,
      "license": "MIT",
      "dependencies": {
        "isarray": "1.0.0"
      },
      "engines": {
        "node": ">=0.10.0"
      }
    },
    "node_modules/js-yaml": {
      "version": "4.1.1",
      "resolved": "https://registry.npmjs.org/js-yaml/-/js-yaml-4.1.1.tgz",
      "integrity": "sha512-qQKT4zQxXl8lLwBtHMWwaTcGfFOZviOJet3Oy/xmGk2gZH677CJM9EvtfdSkgWcATZhj/55JZ0rmy3myCT5lsA==",
      "license": "MIT",
      "dependencies": {
        "argparse": "^2.0.1"
      },
      "bin": {
        "js-yaml": "bin/js-yaml.js"
      }
    },
    "node_modules/json-pointer": {
      "version": "0.6.2",
      "resolved": "https://registry.npmjs.org/json-pointer/-/json-pointer-0.6.2.tgz",
      "integrity": "sha512-vLWcKbOaXlO+jvRy4qNd+TI1QUPZzfJj1tpJ3vAXDych5XJf93ftpUKe5pKCrzyIIwgBJcOcCVRUfqQP25afBw==",
      "license": "MIT",
      "dependencies": {
        "foreach": "^2.0.4"
      }
    },
    "node_modules/line-column": {
      "version": "1.0.2",
      "resolved": "https://registry.npmjs.org/line-column/-/line-column-1.0.2.tgz",
      "integrity": "sha512-Ktrjk5noGYlHsVnYWh62FLVs4hTb8A3e+vucNZMgPeAOITdshMSgv4cCZQeRDjm7+goqmo6+liZwTXo+U3sVww==",
      "dev": true,
      "license": "MIT",
      "dependencies": {
        "isarray": "^1.0.0",
        "isobject": "^2.0.0"
      }
    },
    "node_modules/lodash.get": {
      "version": "4.4.2",
      "resolved": "https://registry.npmjs.org/lodash.get/-/lodash.get-4.4.2.tgz",
      "integrity": "sha512-z+Uw/vLuy6gQe8cfaFWD7p0wVv8fJl3mbzXh33RS+0oW2wvUqiRXiQ69gLWSLpgB5/6sU+r6BlQR0MBILadqTQ==",
      "deprecated": "This package is deprecated. Use the optional chaining (?.) operator instead.",
      "license": "MIT"
    },
    "node_modules/lodash.topath": {
      "version": "4.5.2",
      "resolved": "https://registry.npmjs.org/lodash.topath/-/lodash.topath-4.5.2.tgz",
      "integrity": "sha512-1/W4dM+35DwvE/iEd1M9ekewOSTlpFekhw9mhAtrwjVqUr83/ilQiyAvmg4tVX7Unkcfl1KC+i9WdaT4B6aQcg==",
      "license": "MIT"
    },
    "node_modules/object-inspect": {
      "version": "1.13.2",
      "resolved": "https://registry.npmjs.org/object-inspect/-/object-inspect-1.13.2.tgz",
      "integrity": "sha512-IRZSRuzJiynemAXPYtPe5BoI/RESNYR7TYm50MC5Mqbd3Jmw5y790sErYw3V6SryFJD64b74qQQs9wn5Bg/k3g==",
      "license": "MIT",
      "engines": {
        "node": ">= 0.4"
      },
      "funding": {
        "url": "https://github.com/sponsors/ljharb"
      }
    },
    "node_modules/ohm-js": {
      "version": "17.3.0",
      "resolved": "https://registry.npmjs.org/ohm-js/-/ohm-js-17.3.0.tgz",
      "integrity": "sha512-LySMdjweN1hKBMMV8lM44+1wiewkndDNNJxtgVAscs7y683MXCdQZLsIaw64/p8NuqYbKOWZoHIOA5DU/xchoA==",
      "dev": true,
      "license": "MIT",
      "engines": {
        "node": ">=0.12.1"
      }
    },
    "node_modules/path-browserify": {
      "version": "1.0.1",
      "resolved": "https://registry.npmjs.org/path-browserify/-/path-browserify-1.0.1.tgz",
      "integrity": "sha512-b7uo2UCUOYZcnF/3ID0lulOJi/bafxa1xPe7ZPsammBSpjSWQkjNxlt635YGS2MiR9GjvuXCtz2emr3jbsz98g==",
      "license": "MIT"
    },
    "node_modules/path-expression-matcher": {
      "version": "1.4.0",
      "resolved": "https://registry.npmjs.org/path-expression-matcher/-/path-expression-matcher-1.4.0.tgz",
      "integrity": "sha512-s4DQMxIdhj3jLFWd9LxHOplj4p9yQ4ffMGowFf3cpEgrrJjEhN0V5nxw4Ye1EViAGDoL4/1AeO6qHpqYPOzE4Q==",
      "funding": [
        {
          "type": "github",
          "url": "https://github.com/sponsors/NaturalIntelligence"
        }
      ],
      "license": "MIT",
      "engines": {
        "node": ">=14.0.0"
      }
    },
    "node_modules/prettier": {
      "version": "3.8.0",
      "resolved": "https://registry.npmjs.org/prettier/-/prettier-3.8.0.tgz",
      "integrity": "sha512-yEPsovQfpxYfgWNhCfECjG5AQaO+K3dp6XERmOepyPDVqcJm+bjyCVO3pmU+nAPe0N5dDvekfGezt/EIiRe1TA==",
      "dev": true,
      "license": "MIT",
      "bin": {
        "prettier": "bin/prettier.cjs"
      },
      "engines": {
        "node": ">=14"
      },
      "funding": {
        "url": "https://github.com/prettier/prettier?sponsor=1"
      }
    },
    "node_modules/strnum": {
      "version": "2.2.3",
      "resolved": "https://registry.npmjs.org/strnum/-/strnum-2.2.3.tgz",
      "integrity": "sha512-oKx6RUCuHfT3oyVjtnrmn19H1SiCqgJSg+54XqURKp5aCMbrXrhLjRN9TjuwMjiYstZ0MzDrHqkGZ5dFTKd+zg==",
      "funding": [
        {
          "type": "github",
          "url": "https://github.com/sponsors/NaturalIntelligence"
        }
      ],
      "license": "MIT"
    },
    "node_modules/tiny-lru": {
      "version": "13.0.0",
      "resolved": "https://registry.npmjs.org/tiny-lru/-/tiny-lru-13.0.0.tgz",
      "integrity": "sha512-xDHxKKS1FdF0Tv2P+QT7IeSEg74K/8cEDzbv3Tv6UyHHUgBOjOiQiBp818MGj66dhurQus/IBcoAbwIKtSGc6Q==",
      "license": "BSD-3-Clause",
      "engines": {
        "node": ">=14"
      }
    },
    "node_modules/tslib": {
      "version": "2.8.1",
      "resolved": "https://registry.npmjs.org/tslib/-/tslib-2.8.1.tgz",
      "integrity": "sha512-oJFu94HQb+KVduSUQL7wnpmqnfmLsOA/nAh6b6EH0wCEoK0/mPeXU6c3wKDV83MkOuHPRHtSXKKU99IBazS/2w==",
      "license": "0BSD"
    },
    "node_modules/urlpattern-polyfill": {
      "version": "10.1.0",
      "resolved": "https://registry.npmjs.org/urlpattern-polyfill/-/urlpattern-polyfill-10.1.0.tgz",
      "integrity": "sha512-IGjKp/o0NL3Bso1PymYURCJxMPNAf/ILOpendP9f5B6e1rTJgdgiOvgfoT8VxCAdY+Wisb9uhGaJJf3yZ2V9nw==",
      "license": "MIT"
    }
  }
}
